
Microsoft Visual Studio Solution File, Format Version 12.00
# Visual Studio 14
VisualStudioVersion = 14.0.25420.1
MinimumVisualStudioVersion = 10.0.40219.1
Project("{888888A0-9F3D-457C-B088-3A5042F75D52}") = "ProgrammingPython", "ProgrammingPython\ProgrammingPython.pyproj", "{8F2CD3B1-0BCB-403C-A12A-FCDEB5D68694}"
EndProject
Project("{888888A0-9F3D-457C-B088-3A5042F75D52}") = "LearningPython", "LearningPython\LearningPython.pyproj", "{B748A6F3-620D-4EEC-875C-5CC699EA0B6B}"
EndProject
Project("{888888A0-9F3D-457C-B088-3A5042F75D52}") = "RabbitMQTests", "RabbitMQTests\RabbitMQTests.pyproj", "{D3D349BC-2583-4FAE-BF5A-F050965BC5AE}"
EndProject
Global
	GlobalSection(SolutionConfigurationPlatforms) = preSolution
		Debug|Any CPU = Debug|Any CPU
		Release|Any CPU = Release|Any CPU
	EndGlobalSection
	GlobalSection(ProjectConfigurationPlatforms) = postSolution
		{B748A6F3-620D-4EEC-875C-5CC699EA0B6B}.Debug|Any CPU.ActiveCfg = Debug|Any CPU
		{B748A6F3-620D-4EEC-875C-5CC699EA0B6B}.Release|Any CPU.ActiveCfg = Release|Any CPU
		{D3D349BC-2583-4FAE-BF5A-F050965BC5AE}.Debug|Any CPU.ActiveCfg = Debug|Any CPU
		{D3D349BC-2583-4FAE-BF5A-F050965BC5AE}.Release|Any CPU.ActiveCfg = Release|Any CPU
		{8F2CD3B1-0BCB-403C-A12A-FCDEB5D68694}.Debug|Any CPU.ActiveCfg = Debug|Any CPU
		{8F2CD3B1-0BCB-403C-A12A-FCDEB5D68694}.Release|Any CPU.ActiveCfg = Release|Any CPU
	EndGlobalSection
	GlobalSection(SolutionProperties) = preSolution
		HideSolutionNode = FALSE
	EndGlobalSection
EndGlobal
